
Microsoft Visual Studio Solution File, Format Version 12.00
# Visual Studio Version 17
VisualStudioVersion = 17.0.31903.59
MinimumVisualStudioVersion = 10.0.40219.1
Project("{9A19103F-16F7-4668-BE54-9A1E7A4F7556}") = "API", "API\API.csproj", "{232E5195-D3D4-4EB2-B53A-F5DE190E425B}"
EndProject
Project("{9A19103F-16F7-4668-BE54-9A1E7A4F7556}") = "Application", "Application\Application.csproj", "{881A33B6-8F84-4B14-B90C-3BCF2D6CC953}"
EndProject
Project("{9A19103F-16F7-4668-BE54-9A1E7A4F7556}") = "Models", "Models\Models.csproj", "{C7B5BCA9-4E15-4DE6-B709-9CB2C2397068}"
EndProject
Project("{9A19103F-16F7-4668-BE54-9A1E7A4F7556}") = "Persistence", "Persistence\Persistence.csproj", "{D883704B-4C80-4A2C-BD77-88A197AB32DA}"
EndProject
Project("{9A19103F-16F7-4668-BE54-9A1E7A4F7556}") = "AutoPartsShop.Tests", "AutoPartsShop.Tests\AutoPartsShop.Tests.csproj", "{994D576B-D43C-4578-9BB6-90022F5930AE}"
EndProject
Global
	GlobalSection(SolutionConfigurationPlatforms) = preSolution
		Debug|Any CPU = Debug|Any CPU
		Release|Any CPU = Release|Any CPU
	EndGlobalSection
	GlobalSection(ProjectConfigurationPlatforms) = postSolution
		{232E5195-D3D4-4EB2-B53A-F5DE190E425B}.Debug|Any CPU.ActiveCfg = Debug|Any CPU
		{232E5195-D3D4-4EB2-B53A-F5DE190E425B}.Debug|Any CPU.Build.0 = Debug|Any CPU
		{232E5195-D3D4-4EB2-B53A-F5DE190E425B}.Release|Any CPU.ActiveCfg = Release|Any CPU
		{232E5195-D3D4-4EB2-B53A-F5DE190E425B}.Release|Any CPU.Build.0 = Release|Any CPU
		{881A33B6-8F84-4B14-B90C-3BCF2D6CC953}.Debug|Any CPU.ActiveCfg = Debug|Any CPU
		{881A33B6-8F84-4B14-B90C-3BCF2D6CC953}.Debug|Any CPU.Build.0 = Debug|Any CPU
		{881A33B6-8F84-4B14-B90C-3BCF2D6CC953}.Release|Any CPU.ActiveCfg = Release|Any CPU
		{881A33B6-8F84-4B14-B90C-3BCF2D6CC953}.Release|Any CPU.Build.0 = Release|Any CPU
		{C7B5BCA9-4E15-4DE6-B709-9CB2C2397068}.Debug|Any CPU.ActiveCfg = Debug|Any CPU
		{C7B5BCA9-4E15-4DE6-B709-9CB2C2397068}.Debug|Any CPU.Build.0 = Debug|Any CPU
		{C7B5BCA9-4E15-4DE6-B709-9CB2C2397068}.Release|Any CPU.ActiveCfg = Release|Any CPU
		{C7B5BCA9-4E15-4DE6-B709-9CB2C2397068}.Release|Any CPU.Build.0 = Release|Any CPU
		{D883704B-4C80-4A2C-BD77-88A197AB32DA}.Debug|Any CPU.ActiveCfg = Debug|Any CPU
		{D883704B-4C80-4A2C-BD77-88A197AB32DA}.Debug|Any CPU.Build.0 = Debug|Any CPU
		{D883704B-4C80-4A2C-BD77-88A197AB32DA}.Release|Any CPU.ActiveCfg = Release|Any CPU
		{D883704B-4C80-4A2C-BD77-88A197AB32DA}.Release|Any CPU.Build.0 = Release|Any CPU
		{994D576B-D43C-4578-9BB6-90022F5930AE}.Debug|Any CPU.ActiveCfg = Debug|Any CPU
		{994D576B-D43C-4578-9BB6-90022F5930AE}.Debug|Any CPU.Build.0 = Debug|Any CPU
		{994D576B-D43C-4578-9BB6-90022F5930AE}.Release|Any CPU.ActiveCfg = Release|Any CPU
		{994D576B-D43C-4578-9BB6-90022F5930AE}.Release|Any CPU.Build.0 = Release|Any CPU
	EndGlobalSection
	GlobalSection(SolutionProperties) = preSolution
		HideSolutionNode = FALSE
	EndGlobalSection
EndGlobal
